// !$*UTF8*$!
{
	archiveVersion = 1;
	classes = {
	};
	objectVersion = 55;
	objects = {

/* Begin PBXBuildFile section */
		BF20CE5928A3EDFA00CC6CA5 /* AppDelegate.swift in Sources */ = {isa = PBXBuildFile; fileRef = BF20CE5828A3EDFA00CC6CA5 /* AppDelegate.swift */; };
		BF20CE5B28A3EDFA00CC6CA5 /* SceneDelegate.swift in Sources */ = {isa = PBXBuildFile; fileRef = BF20CE5A28A3EDFA00CC6CA5 /* SceneDelegate.swift */; };
		BF20CE5D28A3EDFA00CC6CA5 /* ViewController.swift in Sources */ = {isa = PBXBuildFile; fileRef = BF20CE5C28A3EDFA00CC6CA5 /* ViewController.swift */; };
		BF20CE6028A3EDFA00CC6CA5 /* Main.storyboard in Resources */ = {isa = PBXBuildFile; fileRef = BF20CE5E28A3EDFA00CC6CA5 /* Main.storyboard */; };
		BF20CE6228A3EDFC00CC6CA5 /* Assets.xcassets in Resources */ = {isa = PBXBuildFile; fileRef = BF20CE6128A3EDFC00CC6CA5 /* Assets.xcassets */; };
		BF20CE6528A3EDFC00CC6CA5 /* LaunchScreen.storyboard in Resources */ = {isa = PBXBuildFile; fileRef = BF20CE6328A3EDFC00CC6CA5 /* LaunchScreen.storyboard */; };
		BF20CE7A28A423B500CC6CA5 /* A.wav in Resources */ = {isa = PBXBuildFile; fileRef = BF20CE7328A423B500CC6CA5 /* A.wav */; };
		BF20CE7B28A423B500CC6CA5 /* C.wav in Resources */ = {isa = PBXBuildFile; fileRef = BF20CE7428A423B500CC6CA5 /* C.wav */; };
		BF20CE7C28A423B500CC6CA5 /* B.wav in Resources */ = {isa = PBXBuildFile; fileRef = BF20CE7528A423B500CC6CA5 /* B.wav */; };
		BF20CE7D28A423B500CC6CA5 /* F.wav in Resources */ = {isa = PBXBuildFile; fileRef = BF20CE7628A423B500CC6CA5 /* F.wav */; };
		BF20CE7E28A423B500CC6CA5 /* G.wav in Resources */ = {isa = PBXBuildFile; fileRef = BF20CE7728A423B500CC6CA5 /* G.wav */; };
		BF20CE7F28A423B500CC6CA5 /* E.wav in Resources */ = {isa = PBXBuildFile; fileRef = BF20CE7828A423B500CC6CA5 /* E.wav */; };
		BF20CE8028A423B500CC6CA5 /* D.wav in Resources */ = {isa = PBXBuildFile; fileRef = BF20CE7928A423B500CC6CA5 /* D.wav */; };
/* End PBXBuildFile section */

/* Begin PBXFileReference section */
		BF20CE5528A3EDFA00CC6CA5 /* iOS_App_Xylophone.app */ = {isa = PBXFileReference; explicitFileType = wrapper.application; includeInIndex = 0; path = iOS_App_Xylophone.app; sourceTree = BUILT_PRODUCTS_DIR; };
		BF20CE5828A3EDFA00CC6CA5 /* AppDelegate.swift */ = {isa = PBXFileReference; lastKnownFileType = sourcecode.swift; path = AppDelegate.swift; sourceTree = "<group>"; };
		BF20CE5A28A3EDFA00CC6CA5 /* SceneDelegate.swift */ = {isa = PBXFileReference; lastKnownFileType = sourcecode.swift; path = SceneDelegate.swift; sourceTree = "<group>"; };
		BF20CE5C28A3EDFA00CC6CA5 /* ViewController.swift */ = {isa = PBXFileReference; lastKnownFileType = sourcecode.swift; path = ViewController.swift; sourceTree = "<group>"; };
		BF20CE5F28A3EDFA00CC6CA5 /* Base */ = {isa = PBXFileReference; lastKnownFileType = file.storyboard; name = Base; path = Base.lproj/Main.storyboard; sourceTree = "<group>"; };
		BF20CE6128A3EDFC00CC6CA5 /* Assets.xcassets */ = {isa = PBXFileReference; lastKnownFileType = folder.assetcatalog; path = Assets.xcassets; sourceTree = "<group>"; };
		BF20CE6428A3EDFC00CC6CA5 /* Base */ = {isa = PBXFileReference; lastKnownFileType = file.storyboard; name = Base; path = Base.lproj/LaunchScreen.storyboard; sourceTree = "<group>"; };
		BF20CE6628A3EDFC00CC6CA5 /* Info.plist */ = {isa = PBXFileReference; lastKnownFileType = text.plist.xml; path = Info.plist; sourceTree = "<group>"; };
		BF20CE7328A423B500CC6CA5 /* A.wav */ = {isa = PBXFileReference; lastKnownFileType = audio.wav; path = A.wav; sourceTree = "<group>"; };
		BF20CE7428A423B500CC6CA5 /* C.wav */ = {isa = PBXFileReference; lastKnownFileType = audio.wav; path = C.wav; sourceTree = "<group>"; };
		BF20CE7528A423B500CC6CA5 /* B.wav */ = {isa = PBXFileReference; lastKnownFileType = audio.wav; path = B.wav; sourceTree = "<group>"; };
		BF20CE7628A423B500CC6CA5 /* F.wav */ = {isa = PBXFileReference; lastKnownFileType = audio.wav; path = F.wav; sourceTree = "<group>"; };
		BF20CE7728A423B500CC6CA5 /* G.wav */ = {isa = PBXFileReference; lastKnownFileType = audio.wav; path = G.wav; sourceTree = "<group>"; };
		BF20CE7828A423B500CC6CA5 /* E.wav */ = {isa = PBXFileReference; lastKnownFileType = audio.wav; path = E.wav; sourceTree = "<group>"; };
		BF20CE7928A423B500CC6CA5 /* D.wav */ = {isa = PBXFileReference; lastKnownFileType = audio.wav; path = D.wav; sourceTree = "<group>"; };
/* End PBXFileReference section */

/* Begin PBXFrameworksBuildPhase section */
		BF20CE5228A3EDFA00CC6CA5 /* Frameworks */ = {
			isa = PBXFrameworksBuildPhase;
			buildActionMask = 2147483647;
			files = (
			);
			runOnlyForDeploymentPostprocessing = 0;
		};
/* End PBXFrameworksBuildPhase section */

/* Begin PBXGroup section */
		BF20CE4C28A3EDFA00CC6CA5 = {
			isa = PBXGroup;
			children = (
				BF20CE5728A3EDFA00CC6CA5 /* iOS_App_Xylophone */,
				BF20CE5628A3EDFA00CC6CA5 /* Products */,
			);
			sourceTree = "<group>";
		};
		BF20CE5628A3EDFA00CC6CA5 /* Products */ = {
			isa = PBXGroup;
			children = (
				BF20CE5528A3EDFA00CC6CA5 /* iOS_App_Xylophone.app */,
			);
			name = Products;
			sourceTree = "<group>";
		};
		BF20CE5728A3EDFA00CC6CA5 /* iOS_App_Xylophone */ = {
			isa = PBXGroup;
			children = (
				BF20CE5828A3EDFA00CC6CA5 /* AppDelegate.swift */,
				BF20CE5A28A3EDFA00CC6CA5 /* SceneDelegate.swift */,
				BF20CE5C28A3EDFA00CC6CA5 /* ViewController.swift */,
				BF20CE5E28A3EDFA00CC6CA5 /* Main.storyboard */,
				BF20CE6128A3EDFC00CC6CA5 /* Assets.xcassets */,
				BF20CE6328A3EDFC00CC6CA5 /* LaunchScreen.storyboard */,
				BF20CE6628A3EDFC00CC6CA5 /* Info.plist */,
				BF20CE7228A423B500CC6CA5 /* Sounds */,
			);
			path = iOS_App_Xylophone;
			sourceTree = "<group>";
		};
		BF20CE7228A423B500CC6CA5 /* Sounds */ = {
			isa = PBXGroup;
			children = (
				BF20CE7328A423B500CC6CA5 /* A.wav */,
				BF20CE7428A423B500CC6CA5 /* C.wav */,
				BF20CE7528A423B500CC6CA5 /* B.wav */,
				BF20CE7628A423B500CC6CA5 /* F.wav */,
				BF20CE7728A423B500CC6CA5 /* G.wav */,
				BF20CE7828A423B500CC6CA5 /* E.wav */,
				BF20CE7928A423B500CC6CA5 /* D.wav */,
			);
			path = Sounds;
			sourceTree = "<group>";
		};
/* End PBXGroup section */

/* Begin PBXNativeTarget section */
		BF20CE5428A3EDFA00CC6CA5 /* iOS_App_Xylophone */ = {
			isa = PBXNativeTarget;
			buildConfigurationList = BF20CE6928A3EDFC00CC6CA5 /* Build configuration list for PBXNativeTarget "iOS_App_Xylophone" */;
			buildPhases = (
				BF20CE5128A3EDFA00CC6CA5 /* Sources */,
				BF20CE5228A3EDFA00CC6CA5 /* Frameworks */,
				BF20CE5328A3EDFA00CC6CA5 /* Resources */,
			);
			buildRules = (
			);
			dependencies = (
			);
			name = iOS_App_Xylophone;
			productName = iOS_App_Xylophone;
			productReference = BF20CE5528A3EDFA00CC6CA5 /* iOS_App_Xylophone.app */;
			productType = "com.apple.product-type.application";
		};
/* End PBXNativeTarget section */

/* Begin PBXProject section */
		BF20CE4D28A3EDFA00CC6CA5 /* Project object */ = {
			isa = PBXProject;
			attributes = {
				BuildIndependentTargetsInParallel = 1;
				LastSwiftUpdateCheck = 1340;
				LastUpgradeCheck = 1340;
				TargetAttributes = {
					BF20CE5428A3EDFA00CC6CA5 = {
						CreatedOnToolsVersion = 13.4.1;
					};
				};
			};
			buildConfigurationList = BF20CE5028A3EDFA00CC6CA5 /* Build configuration list for PBXProject "iOS_App_Xylophone" */;
			compatibilityVersion = "Xcode 13.0";
			developmentRegion = en;
			hasScannedForEncodings = 0;
			knownRegions = (
				en,
				Base,
			);
			mainGroup = BF20CE4C28A3EDFA00CC6CA5;
			productRefGroup = BF20CE5628A3EDFA00CC6CA5 /* Products */;
			projectDirPath = "";
			projectRoot = "";
			targets = (
				BF20CE5428A3EDFA00CC6CA5 /* iOS_App_Xylophone */,
			);
		};
/* End PBXProject section */

/* Begin PBXResourcesBuildPhase section */
		BF20CE5328A3EDFA00CC6CA5 /* Resources */ = {
			isa = PBXResourcesBuildPhase;
			buildActionMask = 2147483647;
			files = (
				BF20CE7E28A423B500CC6CA5 /* G.wav in Resources */,
				BF20CE6528A3EDFC00CC6CA5 /* LaunchScreen.storyboard in Resources */,
				BF20CE7D28A423B500CC6CA5 /* F.wav in Resources */,
				BF20CE6228A3EDFC00CC6CA5 /* Assets.xcassets in Resources */,
				BF20CE7A28A423B500CC6CA5 /* A.wav in Resources */,
				BF20CE7C28A423B500CC6CA5 /* B.wav in Resources */,
				BF20CE7F28A423B500CC6CA5 /* E.wav in Resources */,
				BF20CE8028A423B500CC6CA5 /* D.wav in Resources */,
				BF20CE6028A3EDFA00CC6CA5 /* Main.storyboard in Resources */,
				BF20CE7B28A423B500CC6CA5 /* C.wav in Resources */,
			);
			runOnlyForDeploymentPostprocessing = 0;
		};
/* End PBXResourcesBuildPhase section */

/* Begin PBXSourcesBuildPhase section */
		BF20CE5128A3EDFA00CC6CA5 /* Sources */ = {
			isa = PBXSourcesBuildPhase;
			buildActionMask = 2147483647;
			files = (
				BF20CE5D28A3EDFA00CC6CA5 /* ViewController.swift in Sources */,
				BF20CE5928A3EDFA00CC6CA5 /* AppDelegate.swift in Sources */,
				BF20CE5B28A3EDFA00CC6CA5 /* SceneDelegate.swift in Sources */,
			);
			runOnlyForDeploymentPostprocessing = 0;
		};
/* End PBXSourcesBuildPhase section */

/* Begin PBXVariantGroup section */
		BF20CE5E28A3EDFA00CC6CA5 /* Main.storyboard */ = {
			isa = PBXVariantGroup;
			children = (
				BF20CE5F28A3EDFA00CC6CA5 /* Base */,
			);
			name = Main.storyboard;
			sourceTree = "<group>";
		};
		BF20CE6328A3EDFC00CC6CA5 /* LaunchScreen.storyboard */ = {
			isa = PBXVariantGroup;
			children = (
				BF20CE6428A3EDFC00CC6CA5 /* Base */,
			);
			name = LaunchScreen.storyboard;
			sourceTree = "<group>";
		};
/* End PBXVariantGroup section */

/* Begin XCBuildConfiguration section */
		BF20CE6728A3EDFC00CC6CA5 /* Debug */ = {
			isa = XCBuildConfiguration;
			buildSettings = {
				ALWAYS_SEARCH_USER_PATHS = NO;
				CLANG_ANALYZER_NONNULL = YES;
				CLANG_ANALYZER_NUMBER_OBJECT_CONVERSION = YES_AGGRESSIVE;
				CLANG_CXX_LANGUAGE_STANDARD = "gnu++17";
				CLANG_ENABLE_MODULES = YES;
				CLANG_ENABLE_OBJC_ARC = YES;
				CLANG_ENABLE_OBJC_WEAK = YES;
				CLANG_WARN_BLOCK_CAPTURE_AUTORELEASING = YES;
				CLANG_WARN_BOOL_CONVERSION = YES;
				CLANG_WARN_COMMA = YES;
				CLANG_WARN_CONSTANT_CONVERSION = YES;
				CLANG_WARN_DEPRECATED_OBJC_IMPLEMENTATIONS = YES;
				CLANG_WARN_DIRECT_OBJC_ISA_USAGE = YES_ERROR;
				CLANG_WARN_DOCUMENTATION_COMMENTS = YES;
				CLANG_WARN_EMPTY_BODY = YES;
				CLANG_WARN_ENUM_CONVERSION = YES;
				CLANG_WARN_INFINITE_RECURSION = YES;
				CLANG_WARN_INT_CONVERSION = YES;
				CLANG_WARN_NON_LITERAL_NULL_CONVERSION = YES;
				CLANG_WARN_OBJC_IMPLICIT_RETAIN_SELF = YES;
				CLANG_WARN_OBJC_LITERAL_CONVERSION = YES;
				CLANG_WARN_OBJC_ROOT_CLASS = YES_ERROR;
				CLANG_WARN_QUOTED_INCLUDE_IN_FRAMEWORK_HEADER = YES;
				CLANG_WARN_RANGE_LOOP_ANALYSIS = YES;
				CLANG_WARN_STRICT_PROTOTYPES = YES;
				CLANG_WARN_SUSPICIOUS_MOVE = YES;
				CLANG_WARN_UNGUARDED_AVAILABILITY = YES_AGGRESSIVE;
				CLANG_WARN_UNREACHABLE_CODE = YES;
				CLANG_WARN__DUPLICATE_METHOD_MATCH = YES;
				COPY_PHASE_STRIP = NO;
				DEBUG_INFORMATION_FORMAT = dwarf;
				ENABLE_STRICT_OBJC_MSGSEND = YES;
				ENABLE_TESTABILITY = YES;
				GCC_C_LANGUAGE_STANDARD = gnu11;
				GCC_DYNAMIC_NO_PIC = NO;
				GCC_NO_COMMON_BLOCKS = YES;
				GCC_OPTIMIZATION_LEVEL = 0;
				GCC_PREPROCESSOR_DEFINITIONS = (
					"DEBUG=1",
					"$(inherited)",
				);
				GCC_WARN_64_TO_32_BIT_CONVERSION = YES;
				GCC_WARN_ABOUT_RETURN_TYPE = YES_ERROR;
				GCC_WARN_UNDECLARED_SELECTOR = YES;
				GCC_WARN_UNINITIALIZED_AUTOS = YES_AGGRESSIVE;
				GCC_WARN_UNUSED_FUNCTION = YES;
				GCC_WARN_UNUSED_VARIABLE = YES;
				IPHONEOS_DEPLOYMENT_TARGET = 15.5;
				MTL_ENABLE_DEBUG_INFO = INCLUDE_SOURCE;
				MTL_FAST_MATH = YES;
				ONLY_ACTIVE_ARCH = YES;
				SDKROOT = iphoneos;
				SWIFT_ACTIVE_COMPILATION_CONDITIONS = DEBUG;
				SWIFT_OPTIMIZATION_LEVEL = "-Onone";
			};
			name = Debug;
		};
		BF20CE6828A3EDFC00CC6CA5 /* Release */ = {
			isa = XCBuildConfiguration;
			buildSettings = {
				ALWAYS_SEARCH_USER_PATHS = NO;
				CLANG_ANALYZER_NONNULL = YES;
				CLANG_ANALYZER_NUMBER_OBJECT_CONVERSION = YES_AGGRESSIVE;
				CLANG_CXX_LANGUAGE_STANDARD = "gnu++17";
				CLANG_ENABLE_MODULES = YES;
				CLANG_ENABLE_OBJC_ARC = YES;
				CLANG_ENABLE_OBJC_WEAK = YES;
				CLANG_WARN_BLOCK_CAPTURE_AUTORELEASING = YES;
				CLANG_WARN_BOOL_CONVERSION = YES;
				CLANG_WARN_COMMA = YES;
				CLANG_WARN_CONSTANT_CONVERSION = YES;
				CLANG_WARN_DEPRECATED_OBJC_IMPLEMENTATIONS = YES;
				CLANG_WARN_DIRECT_OBJC_ISA_USAGE = YES_ERROR;
				CLANG_WARN_DOCUMENTATION_COMMENTS = YES;
				CLANG_WARN_EMPTY_BODY = YES;
				CLANG_WARN_ENUM_CONVERSION = YES;
				CLANG_WARN_INFINITE_RECURSION = YES;
				CLANG_WARN_INT_CONVERSION = YES;
				CLANG_WARN_NON_LITERAL_NULL_CONVERSION = YES;
				CLANG_WARN_OBJC_IMPLICIT_RETAIN_SELF = YES;
				CLANG_WARN_OBJC_LITERAL_CONVERSION = YES;
				CLANG_WARN_OBJC_ROOT_CLASS = YES_ERROR;
				CLANG_WARN_QUOTED_INCLUDE_IN_FRAMEWORK_HEADER = YES;
				CLANG_WARN_RANGE_LOOP_ANALYSIS = YES;
				CLANG_WARN_STRICT_PROTOTYPES = YES;
				CLANG_WARN_SUSPICIOUS_MOVE = YES;
				CLANG_WARN_UNGUARDED_AVAILABILITY = YES_AGGRESSIVE;
				CLANG_WARN_UNREACHABLE_CODE = YES;
				CLANG_WARN__DUPLICATE_METHOD_MATCH = YES;
				COPY_PHASE_STRIP = NO;
				DEBUG_INFORMATION_FORMAT = "dwarf-with-dsym";
				ENABLE_NS_ASSERTIONS = NO;
				ENABLE_STRICT_OBJC_MSGSEND = YES;
				GCC_C_LANGUAGE_STANDARD = gnu11;
				GCC_NO_COMMON_BLOCKS = YES;
				GCC_WARN_64_TO_32_BIT_CONVERSION = YES;
				GCC_WARN_ABOUT_RETURN_TYPE = YES_ERROR;
				GCC_WARN_UNDECLARED_SELECTOR = YES;
				GCC_WARN_UNINITIALIZED_AUTOS = YES_AGGRESSIVE;
				GCC_WARN_UNUSED_FUNCTION = YES;
				GCC_WARN_UNUSED_VARIABLE = YES;
				IPHONEOS_DEPLOYMENT_TARGET = 15.5;
				MTL_ENABLE_DEBUG_INFO = NO;
				MTL_FAST_MATH = YES;
				SDKROOT = iphoneos;
				SWIFT_COMPILATION_MODE = wholemodule;
				SWIFT_OPTIMIZATION_LEVEL = "-O";
				VALIDATE_PRODUCT = YES;
			};
			name = Release;
		};
		BF20CE6A28A3EDFC00CC6CA5 /* Debug */ = {
			isa = XCBuildConfiguration;
			buildSettings = {
				ASSETCATALOG_COMPILER_APPICON_NAME = AppIcon;
				ASSETCATALOG_COMPILER_GLOBAL_ACCENT_COLOR_NAME = AccentColor;
				CODE_SIGN_STYLE = Automatic;
				CURRENT_PROJECT_VERSION = 1;
				DEVELOPMENT_TEAM = 8J87P5F4W7;
				GENERATE_INFOPLIST_FILE = YES;
				INFOPLIST_FILE = iOS_App_Xylophone/Info.plist;
				INFOPLIST_KEY_CFBundleDisplayName = Xylophone;
				INFOPLIST_KEY_UIApplicationSupportsIndirectInputEvents = YES;
				INFOPLIST_KEY_UILaunchStoryboardName = LaunchScreen;
				INFOPLIST_KEY_UIMainStoryboardFile = Main;
				INFOPLIST_KEY_UISupportedInterfaceOrientations = "UIInterfaceOrientationPortrait UIInterfaceOrientationLandscapeLeft UIInterfaceOrientationLandscapeRight";
				INFOPLIST_KEY_UISupportedInterfaceOrientations_iPad = "UIInterfaceOrientationPortrait UIInterfaceOrientationPortraitUpsideDown UIInterfaceOrientationLandscapeLeft UIInterfaceOrientationLandscapeRight";
				INFOPLIST_KEY_UISupportedInterfaceOrientations_iPhone = "UIInterfaceOrientationPortrait UIInterfaceOrientationLandscapeLeft UIInterfaceOrientationLandscapeRight";
				LD_RUNPATH_SEARCH_PATHS = (
					"$(inherited)",
					"@executable_path/Frameworks",
				);
				MARKETING_VERSION = 1.0;
				PRODUCT_BUNDLE_IDENTIFIER = "Jimmy.iOS-App-Xylophone";
				PRODUCT_NAME = "$(TARGET_NAME)";
				SWIFT_EMIT_LOC_STRINGS = YES;
				SWIFT_VERSION = 5.0;
				TARGETED_DEVICE_FAMILY = "1,2";
			};
			name = Debug;
		};
		BF20CE6B28A3EDFC00CC6CA5 /* Release */ = {
			isa = XCBuildConfiguration;
			buildSettings = {
				ASSETCATALOG_COMPILER_APPICON_NAME = AppIcon;
				ASSETCATALOG_COMPILER_GLOBAL_ACCENT_COLOR_NAME = AccentColor;
				CODE_SIGN_STYLE = Automatic;
				CURRENT_PROJECT_VERSION = 1;
				DEVELOPMENT_TEAM = 8J87P5F4W7;
				GENERATE_INFOPLIST_FILE = YES;
				INFOPLIST_FILE = iOS_App_Xylophone/Info.plist;
				INFOPLIST_KEY_CFBundleDisplayName = Xylophone;
				INFOPLIST_KEY_UIApplicationSupportsIndirectInputEvents = YES;
				INFOPLIST_KEY_UILaunchStoryboardName = LaunchScreen;
				INFOPLIST_KEY_UIMainStoryboardFile = Main;
				INFOPLIST_KEY_UISupportedInterfaceOrientations = "UIInterfaceOrientationPortrait UIInterfaceOrientationLandscapeLeft UIInterfaceOrientationLandscapeRight";
				INFOPLIST_KEY_UISupportedInterfaceOrientations_iPad = "UIInterfaceOrientationPortrait UIInterfaceOrientationPortraitUpsideDown UIInterfaceOrientationLandscapeLeft UIInterfaceOrientationLandscapeRight";
				INFOPLIST_KEY_UISupportedInterfaceOrientations_iPhone = "UIInterfaceOrientationPortrait UIInterfaceOrientationLandscapeLeft UIInterfaceOrientationLandscapeRight";
				LD_RUNPATH_SEARCH_PATHS = (
					"$(inherited)",
					"@executable_path/Frameworks",
				);
				MARKETING_VERSION = 1.0;
				PRODUCT_BUNDLE_IDENTIFIER = "Jimmy.iOS-App-Xylophone";
				PRODUCT_NAME = "$(TARGET_NAME)";
				SWIFT_EMIT_LOC_STRINGS = YES;
				SWIFT_VERSION = 5.0;
				TARGETED_DEVICE_FAMILY = "1,2";
			};
			name = Release;
		};
/* End XCBuildConfiguration section */

/* Begin XCConfigurationList section */
		BF20CE5028A3EDFA00CC6CA5 /* Build configuration list for PBXProject "iOS_App_Xylophone" */ = {
			isa = XCConfigurationList;
			buildConfigurations = (
				BF20CE6728A3EDFC00CC6CA5 /* Debug */,
				BF20CE6828A3EDFC00CC6CA5 /* Release */,
			);
			defaultConfigurationIsVisible = 0;
			defaultConfigurationName = Release;
		};
		BF20CE6928A3EDFC00CC6CA5 /* Build configuration list for PBXNativeTarget "iOS_App_Xylophone" */ = {
			isa = XCConfigurationList;
			buildConfigurations = (
				BF20CE6A28A3EDFC00CC6CA5 /* Debug */,
				BF20CE6B28A3EDFC00CC6CA5 /* Release */,
			);
			defaultConfigurationIsVisible = 0;
			defaultConfigurationName = Release;
		};
/* End XCConfigurationList section */
	};
	rootObject = BF20CE4D28A3EDFA00CC6CA5 /* Project object */;
}
